PODS:
  - Flutter (1.0.0)
  - xinstall_flutter_plugin (1.7.4):
    - Flutter

DEPENDENCIES:
  - Flutter (from `Flutter`)
  - xinstall_flutter_plugin (from `.symlinks/plugins/xinstall_flutter_plugin/ios`)

EXTERNAL SOURCES:
  Flutter:
    :path: Flutter
  xinstall_flutter_plugin:
    :path: ".symlinks/plugins/xinstall_flutter_plugin/ios"

SPEC CHECKSUMS:
  Flutter: e0871f40cf51350855a761d2e70bf5af5b9b5de7
  xinstall_flutter_plugin: e1408f5f8d7e3c4a9df2fb0deaeb2040854f3f06

PODFILE CHECKSUM: 137b119ea6cc2876831c72447eeade0f96b08dc1

COCOAPODS: 1.15.2
