PODS:
  - Flutter (1.0.0)
  - xinstall_flutter_plugin (0.1.5):
    - Flutter

DEPENDENCIES:
  - Flutter (from `Flutter`)
  - xinstall_flutter_plugin (from `.symlinks/plugins/xinstall_flutter_plugin/ios`)

EXTERNAL SOURCES:
  Flutter:
    :path: Flutter
  xinstall_flutter_plugin:
    :path: ".symlinks/plugins/xinstall_flutter_plugin/ios"

SPEC CHECKSUMS:
  Flutter: 434fef37c0980e73bb6479ef766c45957d4b510c
  xinstall_flutter_plugin: e86c3bf3131266dc83f7eb1e36db90a67f2e2863

PODFILE CHECKSUM: b1f7a399522c118a74b177b13c01eca692aa7e6d

COCOAPODS: 1.11.0.beta.1
